
Microsoft Visual Studio Solution File, Format Version 12.00
# Visual Studio Version 17
VisualStudioVersion = 17.8.34004.107
MinimumVisualStudioVersion = 10.0.40219.1
Project("{FAE04EC0-301F-11D3-BF4B-00C04F79EFBC}") = "AppSets", "AppSets.csproj", "{08D9E99E-FD18-4D54-AD48-94E3C47C5031}"
EndProject
Global
	GlobalSection(SolutionConfigurationPlatforms) = preSolution
		Debug|ARM64 = Debug|ARM64
		Debug|x64 = Debug|x64
		Debug|x86 = Debug|x86
		Release|ARM64 = Release|ARM64
		Release|x64 = Release|x64
		Release|x86 = Release|x86
	EndGlobalSection
	GlobalSection(ProjectConfigurationPlatforms) = postSolution
		{08D9E99E-FD18-4D54-AD48-94E3C47C5031}.Debug|ARM64.ActiveCfg = Debug|ARM64
		{08D9E99E-FD18-4D54-AD48-94E3C47C5031}.Debug|ARM64.Build.0 = Debug|ARM64
		{08D9E99E-FD18-4D54-AD48-94E3C47C5031}.Debug|ARM64.Deploy.0 = Debug|ARM64
		{08D9E99E-FD18-4D54-AD48-94E3C47C5031}.Debug|x64.ActiveCfg = Debug|x64
		{08D9E99E-FD18-4D54-AD48-94E3C47C5031}.Debug|x64.Build.0 = Debug|x64
		{08D9E99E-FD18-4D54-AD48-94E3C47C5031}.Debug|x64.Deploy.0 = Debug|x64
		{08D9E99E-FD18-4D54-AD48-94E3C47C5031}.Debug|x86.ActiveCfg = Debug|x86
		{08D9E99E-FD18-4D54-AD48-94E3C47C5031}.Debug|x86.Build.0 = Debug|x86
		{08D9E99E-FD18-4D54-AD48-94E3C47C5031}.Debug|x86.Deploy.0 = Debug|x86
		{08D9E99E-FD18-4D54-AD48-94E3C47C5031}.Release|ARM64.ActiveCfg = Release|ARM64
		{08D9E99E-FD18-4D54-AD48-94E3C47C5031}.Release|ARM64.Build.0 = Release|ARM64
		{08D9E99E-FD18-4D54-AD48-94E3C47C5031}.Release|ARM64.Deploy.0 = Release|ARM64
		{08D9E99E-FD18-4D54-AD48-94E3C47C5031}.Release|x64.ActiveCfg = Release|x64
		{08D9E99E-FD18-4D54-AD48-94E3C47C5031}.Release|x64.Build.0 = Release|x64
		{08D9E99E-FD18-4D54-AD48-94E3C47C5031}.Release|x64.Deploy.0 = Release|x64
		{08D9E99E-FD18-4D54-AD48-94E3C47C5031}.Release|x86.ActiveCfg = Release|x86
		{08D9E99E-FD18-4D54-AD48-94E3C47C5031}.Release|x86.Build.0 = Release|x86
		{08D9E99E-FD18-4D54-AD48-94E3C47C5031}.Release|x86.Deploy.0 = Release|x86
	EndGlobalSection
	GlobalSection(SolutionProperties) = preSolution
		HideSolutionNode = FALSE
	EndGlobalSection
	GlobalSection(ExtensibilityGlobals) = postSolution
		SolutionGuid = {E57A7396-F923-4863-BDCC-C6F3AE1C7253}
	EndGlobalSection
EndGlobal
